{
  "name": "main",
  "version": "1.0.0",
  "lockfileVersion": 3,
  "requires": true,
  "packages": {
    "": {
      "name": "main",
      "version": "1.0.0",
      "dependencies": {
        "@tosspayments/tosspayments-sdk": "^2.2.3"
      }
    },
    "node_modules/@tosspayments/tosspayments-sdk": {
      "version": "2.2.3",
      "resolved": "https://registry.npmjs.org/@tosspayments/tosspayments-sdk/-/tosspayments-sdk-2.2.3.tgz",
      "integrity": "sha512-1L/LMz/x7jgh5feRCklyB+i+/cVDAyrt28ogi0n25uEjMDhSW5AYX1oe8ZHXZUALo8in5Jjjr5VSzNymZvT1Ng==",
      "license": "MIT"
    }
  }
}
